# THIS IS AN AUTOGENERATED FILE. DO NOT EDIT THIS FILE DIRECTLY.
# yarn lockfile v1


serverless-graalvm-plugin@^1.0.3:
  version "1.0.3"
  resolved "https://registry.yarnpkg.com/serverless-graalvm-plugin/-/serverless-graalvm-plugin-1.0.3.tgz#f281abdf930d53354e311b3c9b46a3dc9fe3156a"
  integrity sha512-llw3NvmJYfRHGDh/1FXSPDwuKLbuvkj11CevYiQ+CR8EP29n5T1umfKs8AaQFfDBOCZjDpL/jxORgqa+Ba/g/A==
