# THIS IS AN AUTOGENERATED FILE. DO NOT EDIT THIS FILE DIRECTLY.
# yarn lockfile v1


serverless-graalvm-plugin@^1.0.4:
  version "1.0.4"
  resolved "https://registry.yarnpkg.com/serverless-graalvm-plugin/-/serverless-graalvm-plugin-1.0.4.tgz#2a6fd46ede7f3a5703c287256336ca03caaa82c7"
  integrity sha512-T9lzwdaLtrIVloLKTtJanX0pJEej5n18fcBGZaNpupc1pyYTjUb/UuZa0y3LEoC2X7zLRCGijPTJj3AbspjF4A==
